
Microsoft Visual Studio Solution File, Format Version 12.00
# Visual Studio Version 16
VisualStudioVersion = 16.0.30611.23
MinimumVisualStudioVersion = 10.0.40219.1
Project("{FAE04EC0-301F-11D3-BF4B-00C04F79EFBC}") = "Faktoriyel_Hw", "Faktoriyel_Hw\Faktoriyel_Hw.csproj", "{B4DFF036-E63E-4A60-B8D9-CF326ACCE965}"
EndProject
Global
	GlobalSection(SolutionConfigurationPlatforms) = preSolution
		Debug|Any CPU = Debug|Any CPU
		Release|Any CPU = Release|Any CPU
	EndGlobalSection
	GlobalSection(ProjectConfigurationPlatforms) = postSolution
		{B4DFF036-E63E-4A60-B8D9-CF326ACCE965}.Debug|Any CPU.ActiveCfg = Debug|Any CPU
		{B4DFF036-E63E-4A60-B8D9-CF326ACCE965}.Debug|Any CPU.Build.0 = Debug|Any CPU
		{B4DFF036-E63E-4A60-B8D9-CF326ACCE965}.Release|Any CPU.ActiveCfg = Release|Any CPU
		{B4DFF036-E63E-4A60-B8D9-CF326ACCE965}.Release|Any CPU.Build.0 = Release|Any CPU
	EndGlobalSection
	GlobalSection(SolutionProperties) = preSolution
		HideSolutionNode = FALSE
	EndGlobalSection
	GlobalSection(ExtensibilityGlobals) = postSolution
		SolutionGuid = {4D361425-B343-45AA-87BA-71FEFB527B80}
	EndGlobalSection
EndGlobal
